
Microsoft Visual Studio Solution File, Format Version 12.00
# Visual Studio 15
VisualStudioVersion = 15.0.27004.2010
MinimumVisualStudioVersion = 10.0.40219.1
Project("{9A19103F-16F7-4668-BE54-9A1E7A4F7556}") = "IntelliGram_Lamda", "IntelliGram_Lamda\IntelliGram_Lamda.csproj", "{20E2E794-6EE9-4A5E-AE82-78491B4925D4}"
EndProject
Project("{9A19103F-16F7-4668-BE54-9A1E7A4F7556}") = "IntelliGram_Lamda.Tests", "IntelliGram_Lamda.Tests\IntelliGram_Lamda.Tests.csproj", "{3C0E9D83-23AD-4599-A1B2-0AD3EC6DA46D}"
EndProject
Global
	GlobalSection(SolutionConfigurationPlatforms) = preSolution
		Debug|Any CPU = Debug|Any CPU
		Release|Any CPU = Release|Any CPU
	EndGlobalSection
	GlobalSection(ProjectConfigurationPlatforms) = postSolution
		{20E2E794-6EE9-4A5E-AE82-78491B4925D4}.Debug|Any CPU.ActiveCfg = Debug|Any CPU
		{20E2E794-6EE9-4A5E-AE82-78491B4925D4}.Debug|Any CPU.Build.0 = Debug|Any CPU
		{20E2E794-6EE9-4A5E-AE82-78491B4925D4}.Release|Any CPU.ActiveCfg = Release|Any CPU
		{20E2E794-6EE9-4A5E-AE82-78491B4925D4}.Release|Any CPU.Build.0 = Release|Any CPU
		{3C0E9D83-23AD-4599-A1B2-0AD3EC6DA46D}.Debug|Any CPU.ActiveCfg = Debug|Any CPU
		{3C0E9D83-23AD-4599-A1B2-0AD3EC6DA46D}.Debug|Any CPU.Build.0 = Debug|Any CPU
		{3C0E9D83-23AD-4599-A1B2-0AD3EC6DA46D}.Release|Any CPU.ActiveCfg = Release|Any CPU
		{3C0E9D83-23AD-4599-A1B2-0AD3EC6DA46D}.Release|Any CPU.Build.0 = Release|Any CPU
	EndGlobalSection
	GlobalSection(SolutionProperties) = preSolution
		HideSolutionNode = FALSE
	EndGlobalSection
	GlobalSection(ExtensibilityGlobals) = postSolution
		SolutionGuid = {3DDA2E1B-5F68-48BB-81EB-2DECDE40FCFB}
	EndGlobalSection
EndGlobal
